
Microsoft Visual Studio Solution File, Format Version 12.00
# Visual Studio Version 17
VisualStudioVersion = 17.4.33122.133
MinimumVisualStudioVersion = 10.0.40219.1
Project("{9A19103F-16F7-4668-BE54-9A1E7A4F7556}") = "AdventOfCode", "AdventOfCode\AdventOfCode.csproj", "{B2166096-5565-4AD3-B6FC-3C4715465EF2}"
EndProject
Global
	GlobalSection(SolutionConfigurationPlatforms) = preSolution
		Debug|Any CPU = Debug|Any CPU
		Release|Any CPU = Release|Any CPU
	EndGlobalSection
	GlobalSection(ProjectConfigurationPlatforms) = postSolution
		{B2166096-5565-4AD3-B6FC-3C4715465EF2}.Debug|Any CPU.ActiveCfg = Debug|Any CPU
		{B2166096-5565-4AD3-B6FC-3C4715465EF2}.Debug|Any CPU.Build.0 = Debug|Any CPU
		{B2166096-5565-4AD3-B6FC-3C4715465EF2}.Release|Any CPU.ActiveCfg = Release|Any CPU
		{B2166096-5565-4AD3-B6FC-3C4715465EF2}.Release|Any CPU.Build.0 = Release|Any CPU
	EndGlobalSection
	GlobalSection(SolutionProperties) = preSolution
		HideSolutionNode = FALSE
	EndGlobalSection
	GlobalSection(ExtensibilityGlobals) = postSolution
		SolutionGuid = {43AA04ED-D47E-45B5-85CA-B86BC4989E99}
	EndGlobalSection
EndGlobal
